
Microsoft Visual Studio Solution File, Format Version 12.00
# Visual Studio Version 16
VisualStudioVersion = 16.0.31613.86
MinimumVisualStudioVersion = 10.0.40219.1
Project("{FAE04EC0-301F-11D3-BF4B-00C04F79EFBC}") = "Project 1", "Project 1.csproj", "{643B78DA-2AEF-430D-B050-BCF2DF9146CD}"
EndProject
Global
	GlobalSection(SolutionConfigurationPlatforms) = preSolution
		Debug|Any CPU = Debug|Any CPU
		Release|Any CPU = Release|Any CPU
	EndGlobalSection
	GlobalSection(ProjectConfigurationPlatforms) = postSolution
		{643B78DA-2AEF-430D-B050-BCF2DF9146CD}.Debug|Any CPU.ActiveCfg = Debug|Any CPU
		{643B78DA-2AEF-430D-B050-BCF2DF9146CD}.Debug|Any CPU.Build.0 = Debug|Any CPU
		{643B78DA-2AEF-430D-B050-BCF2DF9146CD}.Release|Any CPU.ActiveCfg = Release|Any CPU
		{643B78DA-2AEF-430D-B050-BCF2DF9146CD}.Release|Any CPU.Build.0 = Release|Any CPU
	EndGlobalSection
	GlobalSection(SolutionProperties) = preSolution
		HideSolutionNode = FALSE
	EndGlobalSection
	GlobalSection(ExtensibilityGlobals) = postSolution
		SolutionGuid = {045976B3-1447-401A-86D5-182958A95901}
	EndGlobalSection
EndGlobal
